
Microsoft Visual Studio Solution File, Format Version 12.00
# Visual Studio 15
Project("{FAE04EC0-301F-11D3-BF4B-00C04F79EFBC}") = "UnityEngine.UI", "UnityEngine.UI.csproj", "{C9D2484E-585D-5C49-5340-9416C252E285}"
EndProject
Project("{FAE04EC0-301F-11D3-BF4B-00C04F79EFBC}") = "Unity.RenderPipelines.Core.Runtime", "Unity.RenderPipelines.Core.Runtime.csproj", "{A4305E52-8E4D-2B82-D7E9-88418E615596}"
EndProject
Project("{FAE04EC0-301F-11D3-BF4B-00C04F79EFBC}") = "UnityEngine.TestRunner", "UnityEngine.TestRunner.csproj", "{4B00850F-8804-2AC8-AA34-0E5B223B9853}"
EndProject
Project("{FAE04EC0-301F-11D3-BF4B-00C04F79EFBC}") = "Unity.InputSystem", "Unity.InputSystem.csproj", "{9A7CB3FB-1F01-BC03-397C-B637404E4B61}"
EndProject
Project("{FAE04EC0-301F-11D3-BF4B-00C04F79EFBC}") = "Unity.VisualScripting.State", "Unity.VisualScripting.State.csproj", "{0AF45690-82DF-9C12-EB25-1A2B58954FDF}"
EndProject
Project("{FAE04EC0-301F-11D3-BF4B-00C04F79EFBC}") = "Unity.RenderPipelines.Universal.Runtime", "Unity.RenderPipelines.Universal.Runtime.csproj", "{880D2B39-27F5-03F5-DFFB-BACAE2CA5A3B}"
EndProject
Project("{FAE04EC0-301F-11D3-BF4B-00C04F79EFBC}") = "Unity.VisualScripting.Flow", "Unity.VisualScripting.Flow.csproj", "{4AB1EA2D-9C63-F6A7-B310-9FEB83A87569}"
EndProject
Project("{FAE04EC0-301F-11D3-BF4B-00C04F79EFBC}") = "Unity.VisualScripting.Core", "Unity.VisualScripting.Core.csproj", "{C4B0911B-E7D6-35C4-F721-6B4B50D5C5B3}"
EndProject
Project("{FAE04EC0-301F-11D3-BF4B-00C04F79EFBC}") = "Unity.2D.Animation.Runtime", "Unity.2D.Animation.Runtime.csproj", "{912CB07B-F6D0-BC7F-4ECD-ED6A22617E31}"
EndProject
Project("{FAE04EC0-301F-11D3-BF4B-00C04F79EFBC}") = "Unity.AI.Navigation", "Unity.AI.Navigation.csproj", "{77EB3AFD-1F81-81D3-EF65-62ACD9103E8B}"
EndProject
Project("{FAE04EC0-301F-11D3-BF4B-00C04F79EFBC}") = "Unity.TextMeshPro", "Unity.TextMeshPro.csproj", "{28B3BEE8-F543-B599-DA36-51A70C5DB830}"
EndProject
Project("{FAE04EC0-301F-11D3-BF4B-00C04F79EFBC}") = "Unity.Burst", "Unity.Burst.csproj", "{7B7DA241-62C3-CA66-94D5-68C6C387C697}"
EndProject
Project("{FAE04EC0-301F-11D3-BF4B-00C04F79EFBC}") = "Unity.RenderPipeline.Universal.ShaderLibrary", "Unity.RenderPipeline.Universal.ShaderLibrary.csproj", "{6E6A47CC-2F6E-1C12-A859-410DA1B91194}"
EndProject
Project("{FAE04EC0-301F-11D3-BF4B-00C04F79EFBC}") = "Assembly-CSharp", "Assembly-CSharp.csproj", "{3344EA54-9E56-F228-2D6A-B4FB6D0D4F6E}"
EndProject
Project("{FAE04EC0-301F-11D3-BF4B-00C04F79EFBC}") = "Cinemachine", "Cinemachine.csproj", "{9AE3C030-0ABE-2E0D-9249-84467EAD4FD3}"
EndProject
Project("{FAE04EC0-301F-11D3-BF4B-00C04F79EFBC}") = "AstarPathfindingProject", "AstarPathfindingProject.csproj", "{AD365195-50F1-E277-13B3-9ACFF575D9E1}"
EndProject
Project("{FAE04EC0-301F-11D3-BF4B-00C04F79EFBC}") = "Unity.2D.SpriteShape.Runtime", "Unity.2D.SpriteShape.Runtime.csproj", "{88ABB676-6568-D956-90A9-8E3356F5B773}"
EndProject
Project("{FAE04EC0-301F-11D3-BF4B-00C04F79EFBC}") = "Unity.Timeline", "Unity.Timeline.csproj", "{B4BBFB76-8E6F-1891-B62A-A358CDEAC986}"
EndProject
Project("{FAE04EC0-301F-11D3-BF4B-00C04F79EFBC}") = "Unity.Mathematics", "Unity.Mathematics.csproj", "{359927E7-31E3-B8B8-D7EC-FC9770605EA8}"
EndProject
Project("{FAE04EC0-301F-11D3-BF4B-00C04F79EFBC}") = "Unity.PixelGraphics", "Unity.PixelGraphics.csproj", "{0F342606-3A36-88B6-FDD2-F0B4E67B1C72}"
EndProject
Project("{FAE04EC0-301F-11D3-BF4B-00C04F79EFBC}") = "NavMeshPlus", "NavMeshPlus.csproj", "{0FCA90DD-408D-F1A5-C450-063A6C8DAAD7}"
EndProject
Project("{FAE04EC0-301F-11D3-BF4B-00C04F79EFBC}") = "Unity.2D.PixelPerfect", "Unity.2D.PixelPerfect.csproj", "{D05C5014-5405-C61B-C5EC-ACE15C80359A}"
EndProject
Project("{FAE04EC0-301F-11D3-BF4B-00C04F79EFBC}") = "Unity.2D.IK.Runtime", "Unity.2D.IK.Runtime.csproj", "{7154E171-7C07-B343-29C8-44C33DBBC79E}"
EndProject
Project("{FAE04EC0-301F-11D3-BF4B-00C04F79EFBC}") = "Unity.2D.Common.Runtime", "Unity.2D.Common.Runtime.csproj", "{E49D74C8-9FBD-2202-F5DF-793CC527A713}"
EndProject
Project("{FAE04EC0-301F-11D3-BF4B-00C04F79EFBC}") = "Unity.2D.Tilemap.Extras", "Unity.2D.Tilemap.Extras.csproj", "{EB05CE97-9DDD-0C98-352C-BF9AB03A5ABF}"
EndProject
Project("{FAE04EC0-301F-11D3-BF4B-00C04F79EFBC}") = "Unity.RenderPipelines.ShaderGraph.ShaderGraphLibrary", "Unity.RenderPipelines.ShaderGraph.ShaderGraphLibrary.csproj", "{496AB42C-AB90-3980-EBB4-3E6423F35D19}"
EndProject
Project("{FAE04EC0-301F-11D3-BF4B-00C04F79EFBC}") = "Unity.InputSystem.ForUI", "Unity.InputSystem.ForUI.csproj", "{26E31E08-4A1E-2EFF-DE6F-41163F8ED903}"
EndProject
Project("{FAE04EC0-301F-11D3-BF4B-00C04F79EFBC}") = "Unity.InputSystem.TestFramework", "Unity.InputSystem.TestFramework.csproj", "{9272BC43-6776-AC60-B47A-A817C1973504}"
EndProject
Project("{FAE04EC0-301F-11D3-BF4B-00C04F79EFBC}") = "Unity.RenderPipelines.Core.ShaderLibrary", "Unity.RenderPipelines.Core.ShaderLibrary.csproj", "{6E8C8A9D-6F54-2063-FAB7-56F44F5E9491}"
EndProject
Project("{FAE04EC0-301F-11D3-BF4B-00C04F79EFBC}") = "Unity.InternalAPIEngineBridge.001", "Unity.InternalAPIEngineBridge.001.csproj", "{08AAB2CB-E5C5-FCE1-BAF3-C1CE2DB46093}"
EndProject
Project("{FAE04EC0-301F-11D3-BF4B-00C04F79EFBC}") = "Unity.RenderPipelines.Universal.Shaders", "Unity.RenderPipelines.Universal.Shaders.csproj", "{A1D68E7B-10F0-3D08-0646-282853A5572C}"
EndProject
Project("{FAE04EC0-301F-11D3-BF4B-00C04F79EFBC}") = "Unity.PlasticSCM.Editor", "Unity.PlasticSCM.Editor.csproj", "{44B78482-DE33-1A40-ABA4-B70350627F93}"
EndProject
Project("{FAE04EC0-301F-11D3-BF4B-00C04F79EFBC}") = "Unity.VisualScripting.Core.Editor", "Unity.VisualScripting.Core.Editor.csproj", "{22105C4F-FCE2-319F-F3EA-FD35C600AB3D}"
EndProject
Project("{FAE04EC0-301F-11D3-BF4B-00C04F79EFBC}") = "Unity.ShaderGraph.Editor", "Unity.ShaderGraph.Editor.csproj", "{9B25CFDD-6112-6E44-D466-6E9D6DF2A53D}"
EndProject
Project("{FAE04EC0-301F-11D3-BF4B-00C04F79EFBC}") = "Unity.Timeline.Editor", "Unity.Timeline.Editor.csproj", "{F40BA858-8AF3-71DB-ACFB-D5E847A7D34F}"
EndProject
Project("{FAE04EC0-301F-11D3-BF4B-00C04F79EFBC}") = "Unity.RenderPipelines.Universal.Editor", "Unity.RenderPipelines.Universal.Editor.csproj", "{6DD1696E-93CA-A5C3-5435-3B83A1773401}"
EndProject
Project("{FAE04EC0-301F-11D3-BF4B-00C04F79EFBC}") = "com.unity.cinemachine.editor", "com.unity.cinemachine.editor.csproj", "{F83A764E-F1D5-A125-3A4F-9EC74604390B}"
EndProject
Project("{FAE04EC0-301F-11D3-BF4B-00C04F79EFBC}") = "Unity.TextMeshPro.Editor", "Unity.TextMeshPro.Editor.csproj", "{4F5398BF-8F80-6FC8-1300-826D32FF9A2F}"
EndProject
Project("{FAE04EC0-301F-11D3-BF4B-00C04F79EFBC}") = "Unity.2D.Animation.Editor", "Unity.2D.Animation.Editor.csproj", "{C8A8BF08-7813-C892-CA2E-052C577D23DB}"
EndProject
Project("{FAE04EC0-301F-11D3-BF4B-00C04F79EFBC}") = "Unity.VisualScripting.SettingsProvider.Editor", "Unity.VisualScripting.SettingsProvider.Editor.csproj", "{0BC35E78-D3D6-860F-D7CD-B61906BF67BE}"
EndProject
Project("{FAE04EC0-301F-11D3-BF4B-00C04F79EFBC}") = "UnityEditor.TestRunner", "UnityEditor.TestRunner.csproj", "{34BACF01-C47B-03A1-8F87-EF199F9F2846}"
EndProject
Project("{FAE04EC0-301F-11D3-BF4B-00C04F79EFBC}") = "Unity.2D.Tilemap.Editor", "Unity.2D.Tilemap.Editor.csproj", "{F135ADD7-C183-F720-EBEF-98EAD6626972}"
EndProject
Project("{FAE04EC0-301F-11D3-BF4B-00C04F79EFBC}") = "Unity.VisualScripting.Flow.Editor", "Unity.VisualScripting.Flow.Editor.csproj", "{B5575C2D-C529-C8CC-5974-B3170ADB5BBE}"
EndProject
Project("{FAE04EC0-301F-11D3-BF4B-00C04F79EFBC}") = "Unity.Rider.Editor", "Unity.Rider.Editor.csproj", "{02A9BCBD-5D79-0EEB-AF5E-1D0405A5ACE4}"
EndProject
Project("{FAE04EC0-301F-11D3-BF4B-00C04F79EFBC}") = "Unity.2D.Aseprite.Editor", "Unity.2D.Aseprite.Editor.csproj", "{445B9BA5-EB3E-4BE3-F745-A52CFD25360F}"
EndProject
Project("{FAE04EC0-301F-11D3-BF4B-00C04F79EFBC}") = "Unity.2D.Path.Editor", "Unity.2D.Path.Editor.csproj", "{EF326280-89A4-7A25-B9AB-233EC7E24641}"
EndProject
Project("{FAE04EC0-301F-11D3-BF4B-00C04F79EFBC}") = "PsdPlugin", "PsdPlugin.csproj", "{BF68B110-FC5E-EB24-702F-F23D9B75B9C6}"
EndProject
Project("{FAE04EC0-301F-11D3-BF4B-00C04F79EFBC}") = "Unity.RenderPipelines.Core.Editor", "Unity.RenderPipelines.Core.Editor.csproj", "{85440D98-2BE9-F66D-F59F-1BD829202B17}"
EndProject
Project("{FAE04EC0-301F-11D3-BF4B-00C04F79EFBC}") = "Unity.2D.SpriteShape.Editor", "Unity.2D.SpriteShape.Editor.csproj", "{F20AA4E8-9933-1EE0-CE66-F1EA6D940CA4}"
EndProject
Project("{FAE04EC0-301F-11D3-BF4B-00C04F79EFBC}") = "Unity.Burst.CodeGen", "Unity.Burst.CodeGen.csproj", "{653298DA-3B09-B8F8-F50F-D210B65AE01E}"
EndProject
Project("{FAE04EC0-301F-11D3-BF4B-00C04F79EFBC}") = "Unity.2D.PixelPerfect.Editor", "Unity.2D.PixelPerfect.Editor.csproj", "{5BE9C1B4-DE45-A1BA-51D9-2C88B3AC4C4F}"
EndProject
Project("{FAE04EC0-301F-11D3-BF4B-00C04F79EFBC}") = "Unity.VSCode.Editor", "Unity.VSCode.Editor.csproj", "{C4753848-81BA-20DF-F6FD-57C66F0BF94D}"
EndProject
Project("{FAE04EC0-301F-11D3-BF4B-00C04F79EFBC}") = "AstarPathfindingProjectEditor", "AstarPathfindingProjectEditor.csproj", "{64FCF12B-22DA-27F3-4731-A9C7CB0D7958}"
EndProject
Project("{FAE04EC0-301F-11D3-BF4B-00C04F79EFBC}") = "Unity.VisualStudio.Editor", "Unity.VisualStudio.Editor.csproj", "{D009CCBD-1D10-79AA-C078-80224A79453A}"
EndProject
Project("{FAE04EC0-301F-11D3-BF4B-00C04F79EFBC}") = "PPv2URPConverters", "PPv2URPConverters.csproj", "{75EDBD7B-3E62-F38B-FBCE-F662610D40E9}"
EndProject
Project("{FAE04EC0-301F-11D3-BF4B-00C04F79EFBC}") = "Unity.2D.Sprite.Editor", "Unity.2D.Sprite.Editor.csproj", "{3F2FD590-8643-F66D-C43A-B2D4D8201441}"
EndProject
Project("{FAE04EC0-301F-11D3-BF4B-00C04F79EFBC}") = "Unity.2D.Common.Editor", "Unity.2D.Common.Editor.csproj", "{C0FD6D6C-35DF-B880-4B5F-3AD617D5D13A}"
EndProject
Project("{FAE04EC0-301F-11D3-BF4B-00C04F79EFBC}") = "Unity.CollabProxy.Editor", "Unity.CollabProxy.Editor.csproj", "{6CA22A92-D057-7AB1-7A35-12DF2FE19538}"
EndProject
Project("{FAE04EC0-301F-11D3-BF4B-00C04F79EFBC}") = "Unity.2D.Psdimporter.Editor", "Unity.2D.Psdimporter.Editor.csproj", "{A94D39CC-1ED5-3AD7-CB4C-088648D3A44F}"
EndProject
Project("{FAE04EC0-301F-11D3-BF4B-00C04F79EFBC}") = "Unity.VisualScripting.State.Editor", "Unity.VisualScripting.State.Editor.csproj", "{6554220D-BABE-A60E-DED3-4B94EBAF3BD2}"
EndProject
Project("{FAE04EC0-301F-11D3-BF4B-00C04F79EFBC}") = "Unity.InternalAPIEditorBridge.005", "Unity.InternalAPIEditorBridge.005.csproj", "{09943D65-A34A-DB58-B582-4DDB33B15B1A}"
EndProject
Project("{FAE04EC0-301F-11D3-BF4B-00C04F79EFBC}") = "UnityEditor.UI", "UnityEditor.UI.csproj", "{7CE35100-8687-BD01-7419-294D4D42B8A7}"
EndProject
Project("{FAE04EC0-301F-11D3-BF4B-00C04F79EFBC}") = "NavMeshPlusEditor", "NavMeshPlusEditor.csproj", "{B1D0B0F0-54F3-2A91-9438-7E12D7DE1EF6}"
EndProject
Project("{FAE04EC0-301F-11D3-BF4B-00C04F79EFBC}") = "Unity.Searcher.Editor", "Unity.Searcher.Editor.csproj", "{E3334A26-38BE-CDE7-C17C-F73C7E37BA91}"
EndProject
Project("{FAE04EC0-301F-11D3-BF4B-00C04F79EFBC}") = "Unity.Burst.Editor", "Unity.Burst.Editor.csproj", "{6D45443D-61E7-3A25-7A3C-9D44E55F425F}"
EndProject
Project("{FAE04EC0-301F-11D3-BF4B-00C04F79EFBC}") = "Unity.2D.IK.Editor", "Unity.2D.IK.Editor.csproj", "{74BDF758-CF6B-C031-04B2-CC4F6975FA5E}"
EndProject
Project("{FAE04EC0-301F-11D3-BF4B-00C04F79EFBC}") = "PackageToolsEditor", "PackageToolsEditor.csproj", "{C10D381B-F733-6520-DA0D-AAF526A1FEBF}"
EndProject
Project("{FAE04EC0-301F-11D3-BF4B-00C04F79EFBC}") = "Unity.ShaderGraph.Utilities", "Unity.ShaderGraph.Utilities.csproj", "{EB867068-08A6-FB1A-1BC3-61D5BB24FC29}"
EndProject
Project("{FAE04EC0-301F-11D3-BF4B-00C04F79EFBC}") = "Unity.Mathematics.Editor", "Unity.Mathematics.Editor.csproj", "{5A2150B9-BE0C-C7D9-E43C-E96F5B3DC615}"
EndProject
Project("{FAE04EC0-301F-11D3-BF4B-00C04F79EFBC}") = "Unity.2D.Tilemap.Extras.Editor", "Unity.2D.Tilemap.Extras.Editor.csproj", "{BE723EA5-4466-6F19-4538-6FD632DAFDB8}"
EndProject
Project("{FAE04EC0-301F-11D3-BF4B-00C04F79EFBC}") = "Unity.2D.Aseprite.Common", "Unity.2D.Aseprite.Common.csproj", "{2B4F6EDE-85DE-F02B-A4A4-7B97C9421F0F}"
EndProject
Project("{FAE04EC0-301F-11D3-BF4B-00C04F79EFBC}") = "Unity.InternalAPIEditorBridge.001", "Unity.InternalAPIEditorBridge.001.csproj", "{AE497A6E-65A5-5174-9677-F9F34BFC641D}"
EndProject
Project("{FAE04EC0-301F-11D3-BF4B-00C04F79EFBC}") = "Unity.AI.Navigation.Editor", "Unity.AI.Navigation.Editor.csproj", "{FEEA786B-277F-ACCA-D4AC-D32AE15BDB99}"
EndProject
Project("{FAE04EC0-301F-11D3-BF4B-00C04F79EFBC}") = "Assembly-CSharp-Editor", "Assembly-CSharp-Editor.csproj", "{8AF35FBA-B0FF-B94F-80F0-436E25100E5F}"
EndProject
Project("{FAE04EC0-301F-11D3-BF4B-00C04F79EFBC}") = "Unity.PixelGraphics.Editor", "Unity.PixelGraphics.Editor.csproj", "{22F3C99C-1878-911B-9AAA-E74D799296DE}"
EndProject
Project("{FAE04EC0-301F-11D3-BF4B-00C04F79EFBC}") = "Unity.VisualScripting.Shared.Editor", "Unity.VisualScripting.Shared.Editor.csproj", "{A9802E96-EF71-318D-F854-AA86910C19F8}"
EndProject
Project("{FAE04EC0-301F-11D3-BF4B-00C04F79EFBC}") = "UnityEngine.UI", "UnityEngine.UI.Player.csproj", "{9A10A062-1897-9EA1-14BD-49740CBD76B3}"
EndProject
Project("{FAE04EC0-301F-11D3-BF4B-00C04F79EFBC}") = "Unity.RenderPipelines.Core.Runtime", "Unity.RenderPipelines.Core.Runtime.Player.csproj", "{2B95A346-A09C-DEC6-B5B7-C0BB4F8B73EF}"
EndProject
Project("{FAE04EC0-301F-11D3-BF4B-00C04F79EFBC}") = "UnityEngine.TestRunner", "UnityEngine.TestRunner.Player.csproj", "{DD7364A9-EDA5-2887-961F-5E8B95C38961}"
EndProject
Project("{FAE04EC0-301F-11D3-BF4B-00C04F79EFBC}") = "Unity.InputSystem", "Unity.InputSystem.Player.csproj", "{2A4D1F1A-4EC8-3FDD-92AB-E6D1B8AC4BC5}"
EndProject
Project("{FAE04EC0-301F-11D3-BF4B-00C04F79EFBC}") = "Unity.VisualScripting.State", "Unity.VisualScripting.State.Player.csproj", "{5FA697AA-2F76-9E41-61DD-00A1D63AC032}"
EndProject
Project("{FAE04EC0-301F-11D3-BF4B-00C04F79EFBC}") = "Unity.RenderPipelines.Universal.Runtime", "Unity.RenderPipelines.Universal.Runtime.Player.csproj", "{F40B090B-AC72-D5E6-E4DC-93D28E41AA4F}"
EndProject
Project("{FAE04EC0-301F-11D3-BF4B-00C04F79EFBC}") = "Unity.VisualScripting.Flow", "Unity.VisualScripting.Flow.Player.csproj", "{3B05B9F6-EF95-81AF-AC3F-BEE5AE3F028A}"
EndProject
Project("{FAE04EC0-301F-11D3-BF4B-00C04F79EFBC}") = "Unity.VisualScripting.Core", "Unity.VisualScripting.Core.Player.csproj", "{979E7112-B167-7C72-77D5-C854F38ED9B7}"
EndProject
Project("{FAE04EC0-301F-11D3-BF4B-00C04F79EFBC}") = "Unity.2D.Animation.Runtime", "Unity.2D.Animation.Runtime.Player.csproj", "{D2B4ABAB-9786-B05E-5C1B-A2CBC8402D44}"
EndProject
Project("{FAE04EC0-301F-11D3-BF4B-00C04F79EFBC}") = "Unity.AI.Navigation", "Unity.AI.Navigation.Player.csproj", "{5F0E693B-A1F4-926D-F722-77F0BF4EDBF6}"
EndProject
Project("{FAE04EC0-301F-11D3-BF4B-00C04F79EFBC}") = "Unity.TextMeshPro", "Unity.TextMeshPro.Player.csproj", "{BAF722E8-F604-523D-AA8B-9B951D2A93CF}"
EndProject
Project("{FAE04EC0-301F-11D3-BF4B-00C04F79EFBC}") = "Unity.Burst", "Unity.Burst.Player.csproj", "{CC768028-035D-FFF8-6867-00698B85502B}"
EndProject
Project("{FAE04EC0-301F-11D3-BF4B-00C04F79EFBC}") = "Unity.RenderPipeline.Universal.ShaderLibrary", "Unity.RenderPipeline.Universal.ShaderLibrary.Player.csproj", "{76EDC85C-600B-2EEB-B663-34D22BDF5926}"
EndProject
Project("{FAE04EC0-301F-11D3-BF4B-00C04F79EFBC}") = "Assembly-CSharp", "Assembly-CSharp.Player.csproj", "{D4C305A3-6298-A472-8A01-7F2E7C7D4505}"
EndProject
Project("{FAE04EC0-301F-11D3-BF4B-00C04F79EFBC}") = "Cinemachine", "Cinemachine.Player.csproj", "{324E2C4F-E40D-0B89-FF72-58E451881FA9}"
EndProject
Project("{FAE04EC0-301F-11D3-BF4B-00C04F79EFBC}") = "AstarPathfindingProject", "AstarPathfindingProject.Player.csproj", "{D0DE84D8-C3FD-CC37-9761-44757069711B}"
EndProject
Project("{FAE04EC0-301F-11D3-BF4B-00C04F79EFBC}") = "Unity.2D.SpriteShape.Runtime", "Unity.2D.SpriteShape.Runtime.Player.csproj", "{428092F7-C169-97B1-EB16-33086EFDD924}"
EndProject
Project("{FAE04EC0-301F-11D3-BF4B-00C04F79EFBC}") = "Unity.Timeline", "Unity.Timeline.Player.csproj", "{A6B6C008-14D2-9AD4-8408-4919661752EE}"
EndProject
Project("{FAE04EC0-301F-11D3-BF4B-00C04F79EFBC}") = "Unity.Mathematics", "Unity.Mathematics.Player.csproj", "{887C51E6-81CF-7BCD-DF35-B953DD25C1A7}"
EndProject
Project("{FAE04EC0-301F-11D3-BF4B-00C04F79EFBC}") = "Unity.PixelGraphics", "Unity.PixelGraphics.Player.csproj", "{0FF21777-3BA8-40EB-1C73-EFECDA1E9370}"
EndProject
Project("{FAE04EC0-301F-11D3-BF4B-00C04F79EFBC}") = "NavMeshPlus", "NavMeshPlus.Player.csproj", "{F1B6DC69-AD3C-8C22-195C-B7DF165D9B28}"
EndProject
Project("{FAE04EC0-301F-11D3-BF4B-00C04F79EFBC}") = "Unity.2D.PixelPerfect", "Unity.2D.PixelPerfect.Player.csproj", "{9D82B034-A215-8F78-D053-8241BD2825BC}"
EndProject
Project("{FAE04EC0-301F-11D3-BF4B-00C04F79EFBC}") = "Unity.2D.IK.Runtime", "Unity.2D.IK.Runtime.Player.csproj", "{B5F4241E-9AC1-91BF-67E4-259ACE9F05E6}"
EndProject
Project("{FAE04EC0-301F-11D3-BF4B-00C04F79EFBC}") = "Unity.2D.Common.Runtime", "Unity.2D.Common.Runtime.Player.csproj", "{44C86DD2-AEF8-0DB1-9B23-7022972F26A1}"
EndProject
Project("{FAE04EC0-301F-11D3-BF4B-00C04F79EFBC}") = "Unity.2D.Tilemap.Extras", "Unity.2D.Tilemap.Extras.Player.csproj", "{A9A5EB8F-43C9-5111-F215-46C985227471}"
EndProject
Project("{FAE04EC0-301F-11D3-BF4B-00C04F79EFBC}") = "Unity.RenderPipelines.ShaderGraph.ShaderGraphLibrary", "Unity.RenderPipelines.ShaderGraph.ShaderGraphLibrary.Player.csproj", "{1CE0C7F7-7C8D-4164-430F-C148DA03E197}"
EndProject
Project("{FAE04EC0-301F-11D3-BF4B-00C04F79EFBC}") = "Unity.InputSystem.ForUI", "Unity.InputSystem.ForUI.Player.csproj", "{49AD3D5B-0346-EC94-07E7-DF15593E11E0}"
EndProject
Project("{FAE04EC0-301F-11D3-BF4B-00C04F79EFBC}") = "Unity.InputSystem.TestFramework", "Unity.InputSystem.TestFramework.Player.csproj", "{CD03F224-EA1E-977A-9AE0-4871EF595809}"
EndProject
Project("{FAE04EC0-301F-11D3-BF4B-00C04F79EFBC}") = "Unity.RenderPipelines.Core.ShaderLibrary", "Unity.RenderPipelines.Core.ShaderLibrary.Player.csproj", "{0E5CD173-3B76-891B-D537-AE37008BFB56}"
EndProject
Project("{FAE04EC0-301F-11D3-BF4B-00C04F79EFBC}") = "Unity.InternalAPIEngineBridge.001", "Unity.InternalAPIEngineBridge.001.Player.csproj", "{F83A5C1E-05DD-953F-BD72-075FAB096B0F}"
EndProject
Project("{FAE04EC0-301F-11D3-BF4B-00C04F79EFBC}") = "Unity.RenderPipelines.Universal.Shaders", "Unity.RenderPipelines.Universal.Shaders.Player.csproj", "{B637AFCC-B01B-3DB0-AE44-B8C4E03CA728}"
EndProject
Global
	GlobalSection(SolutionConfigurationPlatforms) = preSolution
		Debug|Any CPU = Debug|Any CPU
		Release|Any CPU = Release|Any CPU
	EndGlobalSection
	GlobalSection(ProjectConfigurationPlatforms) = postSolution
		{C9D2484E-585D-5C49-5340-9416C252E285}.Debug|Any CPU.ActiveCfg = Debug|Any CPU
		{C9D2484E-585D-5C49-5340-9416C252E285}.Debug|Any CPU.Build.0 = Debug|Any CPU
		{C9D2484E-585D-5C49-5340-9416C252E285}.Release|Any CPU.ActiveCfg = Release|Any CPU
		{C9D2484E-585D-5C49-5340-9416C252E285}.Release|Any CPU.Build.0 = Release|Any CPU
		{A4305E52-8E4D-2B82-D7E9-88418E615596}.Debug|Any CPU.ActiveCfg = Debug|Any CPU
		{A4305E52-8E4D-2B82-D7E9-88418E615596}.Debug|Any CPU.Build.0 = Debug|Any CPU
		{A4305E52-8E4D-2B82-D7E9-88418E615596}.Release|Any CPU.ActiveCfg = Release|Any CPU
		{A4305E52-8E4D-2B82-D7E9-88418E615596}.Release|Any CPU.Build.0 = Release|Any CPU
		{4B00850F-8804-2AC8-AA34-0E5B223B9853}.Debug|Any CPU.ActiveCfg = Debug|Any CPU
		{4B00850F-8804-2AC8-AA34-0E5B223B9853}.Debug|Any CPU.Build.0 = Debug|Any CPU
		{4B00850F-8804-2AC8-AA34-0E5B223B9853}.Release|Any CPU.ActiveCfg = Release|Any CPU
		{4B00850F-8804-2AC8-AA34-0E5B223B9853}.Release|Any CPU.Build.0 = Release|Any CPU
		{9A7CB3FB-1F01-BC03-397C-B637404E4B61}.Debug|Any CPU.ActiveCfg = Debug|Any CPU
		{9A7CB3FB-1F01-BC03-397C-B637404E4B61}.Debug|Any CPU.Build.0 = Debug|Any CPU
		{9A7CB3FB-1F01-BC03-397C-B637404E4B61}.Release|Any CPU.ActiveCfg = Release|Any CPU
		{9A7CB3FB-1F01-BC03-397C-B637404E4B61}.Release|Any CPU.Build.0 = Release|Any CPU
		{0AF45690-82DF-9C12-EB25-1A2B58954FDF}.Debug|Any CPU.ActiveCfg = Debug|Any CPU
		{0AF45690-82DF-9C12-EB25-1A2B58954FDF}.Debug|Any CPU.Build.0 = Debug|Any CPU
		{0AF45690-82DF-9C12-EB25-1A2B58954FDF}.Release|Any CPU.ActiveCfg = Release|Any CPU
		{0AF45690-82DF-9C12-EB25-1A2B58954FDF}.Release|Any CPU.Build.0 = Release|Any CPU
		{880D2B39-27F5-03F5-DFFB-BACAE2CA5A3B}.Debug|Any CPU.ActiveCfg = Debug|Any CPU
		{880D2B39-27F5-03F5-DFFB-BACAE2CA5A3B}.Debug|Any CPU.Build.0 = Debug|Any CPU
		{880D2B39-27F5-03F5-DFFB-BACAE2CA5A3B}.Release|Any CPU.ActiveCfg = Release|Any CPU
		{880D2B39-27F5-03F5-DFFB-BACAE2CA5A3B}.Release|Any CPU.Build.0 = Release|Any CPU
		{4AB1EA2D-9C63-F6A7-B310-9FEB83A87569}.Debug|Any CPU.ActiveCfg = Debug|Any CPU
		{4AB1EA2D-9C63-F6A7-B310-9FEB83A87569}.Debug|Any CPU.Build.0 = Debug|Any CPU
		{4AB1EA2D-9C63-F6A7-B310-9FEB83A87569}.Release|Any CPU.ActiveCfg = Release|Any CPU
		{4AB1EA2D-9C63-F6A7-B310-9FEB83A87569}.Release|Any CPU.Build.0 = Release|Any CPU
		{C4B0911B-E7D6-35C4-F721-6B4B50D5C5B3}.Debug|Any CPU.ActiveCfg = Debug|Any CPU
		{C4B0911B-E7D6-35C4-F721-6B4B50D5C5B3}.Debug|Any CPU.Build.0 = Debug|Any CPU
		{C4B0911B-E7D6-35C4-F721-6B4B50D5C5B3}.Release|Any CPU.ActiveCfg = Release|Any CPU
		{C4B0911B-E7D6-35C4-F721-6B4B50D5C5B3}.Release|Any CPU.Build.0 = Release|Any CPU
		{912CB07B-F6D0-BC7F-4ECD-ED6A22617E31}.Debug|Any CPU.ActiveCfg = Debug|Any CPU
		{912CB07B-F6D0-BC7F-4ECD-ED6A22617E31}.Debug|Any CPU.Build.0 = Debug|Any CPU
		{912CB07B-F6D0-BC7F-4ECD-ED6A22617E31}.Release|Any CPU.ActiveCfg = Release|Any CPU
		{912CB07B-F6D0-BC7F-4ECD-ED6A22617E31}.Release|Any CPU.Build.0 = Release|Any CPU
		{77EB3AFD-1F81-81D3-EF65-62ACD9103E8B}.Debug|Any CPU.ActiveCfg = Debug|Any CPU
		{77EB3AFD-1F81-81D3-EF65-62ACD9103E8B}.Debug|Any CPU.Build.0 = Debug|Any CPU
		{77EB3AFD-1F81-81D3-EF65-62ACD9103E8B}.Release|Any CPU.ActiveCfg = Release|Any CPU
		{77EB3AFD-1F81-81D3-EF65-62ACD9103E8B}.Release|Any CPU.Build.0 = Release|Any CPU
		{28B3BEE8-F543-B599-DA36-51A70C5DB830}.Debug|Any CPU.ActiveCfg = Debug|Any CPU
		{28B3BEE8-F543-B599-DA36-51A70C5DB830}.Debug|Any CPU.Build.0 = Debug|Any CPU
		{28B3BEE8-F543-B599-DA36-51A70C5DB830}.Release|Any CPU.ActiveCfg = Release|Any CPU
		{28B3BEE8-F543-B599-DA36-51A70C5DB830}.Release|Any CPU.Build.0 = Release|Any CPU
		{7B7DA241-62C3-CA66-94D5-68C6C387C697}.Debug|Any CPU.ActiveCfg = Debug|Any CPU
		{7B7DA241-62C3-CA66-94D5-68C6C387C697}.Debug|Any CPU.Build.0 = Debug|Any CPU
		{7B7DA241-62C3-CA66-94D5-68C6C387C697}.Release|Any CPU.ActiveCfg = Release|Any CPU
		{7B7DA241-62C3-CA66-94D5-68C6C387C697}.Release|Any CPU.Build.0 = Release|Any CPU
		{6E6A47CC-2F6E-1C12-A859-410DA1B91194}.Debug|Any CPU.ActiveCfg = Debug|Any CPU
		{6E6A47CC-2F6E-1C12-A859-410DA1B91194}.Debug|Any CPU.Build.0 = Debug|Any CPU
		{6E6A47CC-2F6E-1C12-A859-410DA1B91194}.Release|Any CPU.ActiveCfg = Release|Any CPU
		{6E6A47CC-2F6E-1C12-A859-410DA1B91194}.Release|Any CPU.Build.0 = Release|Any CPU
		{3344EA54-9E56-F228-2D6A-B4FB6D0D4F6E}.Debug|Any CPU.ActiveCfg = Debug|Any CPU
		{3344EA54-9E56-F228-2D6A-B4FB6D0D4F6E}.Debug|Any CPU.Build.0 = Debug|Any CPU
		{3344EA54-9E56-F228-2D6A-B4FB6D0D4F6E}.Release|Any CPU.ActiveCfg = Release|Any CPU
		{3344EA54-9E56-F228-2D6A-B4FB6D0D4F6E}.Release|Any CPU.Build.0 = Release|Any CPU
		{9AE3C030-0ABE-2E0D-9249-84467EAD4FD3}.Debug|Any CPU.ActiveCfg = Debug|Any CPU
		{9AE3C030-0ABE-2E0D-9249-84467EAD4FD3}.Debug|Any CPU.Build.0 = Debug|Any CPU
		{9AE3C030-0ABE-2E0D-9249-84467EAD4FD3}.Release|Any CPU.ActiveCfg = Release|Any CPU
		{9AE3C030-0ABE-2E0D-9249-84467EAD4FD3}.Release|Any CPU.Build.0 = Release|Any CPU
		{AD365195-50F1-E277-13B3-9ACFF575D9E1}.Debug|Any CPU.ActiveCfg = Debug|Any CPU
		{AD365195-50F1-E277-13B3-9ACFF575D9E1}.Debug|Any CPU.Build.0 = Debug|Any CPU
		{AD365195-50F1-E277-13B3-9ACFF575D9E1}.Release|Any CPU.ActiveCfg = Release|Any CPU
		{AD365195-50F1-E277-13B3-9ACFF575D9E1}.Release|Any CPU.Build.0 = Release|Any CPU
		{88ABB676-6568-D956-90A9-8E3356F5B773}.Debug|Any CPU.ActiveCfg = Debug|Any CPU
		{88ABB676-6568-D956-90A9-8E3356F5B773}.Debug|Any CPU.Build.0 = Debug|Any CPU
		{88ABB676-6568-D956-90A9-8E3356F5B773}.Release|Any CPU.ActiveCfg = Release|Any CPU
		{88ABB676-6568-D956-90A9-8E3356F5B773}.Release|Any CPU.Build.0 = Release|Any CPU
		{B4BBFB76-8E6F-1891-B62A-A358CDEAC986}.Debug|Any CPU.ActiveCfg = Debug|Any CPU
		{B4BBFB76-8E6F-1891-B62A-A358CDEAC986}.Debug|Any CPU.Build.0 = Debug|Any CPU
		{B4BBFB76-8E6F-1891-B62A-A358CDEAC986}.Release|Any CPU.ActiveCfg = Release|Any CPU
		{B4BBFB76-8E6F-1891-B62A-A358CDEAC986}.Release|Any CPU.Build.0 = Release|Any CPU
		{359927E7-31E3-B8B8-D7EC-FC9770605EA8}.Debug|Any CPU.ActiveCfg = Debug|Any CPU
		{359927E7-31E3-B8B8-D7EC-FC9770605EA8}.Debug|Any CPU.Build.0 = Debug|Any CPU
		{359927E7-31E3-B8B8-D7EC-FC9770605EA8}.Release|Any CPU.ActiveCfg = Release|Any CPU
		{359927E7-31E3-B8B8-D7EC-FC9770605EA8}.Release|Any CPU.Build.0 = Release|Any CPU
		{0F342606-3A36-88B6-FDD2-F0B4E67B1C72}.Debug|Any CPU.ActiveCfg = Debug|Any CPU
		{0F342606-3A36-88B6-FDD2-F0B4E67B1C72}.Debug|Any CPU.Build.0 = Debug|Any CPU
		{0F342606-3A36-88B6-FDD2-F0B4E67B1C72}.Release|Any CPU.ActiveCfg = Release|Any CPU
		{0F342606-3A36-88B6-FDD2-F0B4E67B1C72}.Release|Any CPU.Build.0 = Release|Any CPU
		{0FCA90DD-408D-F1A5-C450-063A6C8DAAD7}.Debug|Any CPU.ActiveCfg = Debug|Any CPU
		{0FCA90DD-408D-F1A5-C450-063A6C8DAAD7}.Debug|Any CPU.Build.0 = Debug|Any CPU
		{0FCA90DD-408D-F1A5-C450-063A6C8DAAD7}.Release|Any CPU.ActiveCfg = Release|Any CPU
		{0FCA90DD-408D-F1A5-C450-063A6C8DAAD7}.Release|Any CPU.Build.0 = Release|Any CPU
		{D05C5014-5405-C61B-C5EC-ACE15C80359A}.Debug|Any CPU.ActiveCfg = Debug|Any CPU
		{D05C5014-5405-C61B-C5EC-ACE15C80359A}.Debug|Any CPU.Build.0 = Debug|Any CPU
		{D05C5014-5405-C61B-C5EC-ACE15C80359A}.Release|Any CPU.ActiveCfg = Release|Any CPU
		{D05C5014-5405-C61B-C5EC-ACE15C80359A}.Release|Any CPU.Build.0 = Release|Any CPU
		{7154E171-7C07-B343-29C8-44C33DBBC79E}.Debug|Any CPU.ActiveCfg = Debug|Any CPU
		{7154E171-7C07-B343-29C8-44C33DBBC79E}.Debug|Any CPU.Build.0 = Debug|Any CPU
		{7154E171-7C07-B343-29C8-44C33DBBC79E}.Release|Any CPU.ActiveCfg = Release|Any CPU
		{7154E171-7C07-B343-29C8-44C33DBBC79E}.Release|Any CPU.Build.0 = Release|Any CPU
		{E49D74C8-9FBD-2202-F5DF-793CC527A713}.Debug|Any CPU.ActiveCfg = Debug|Any CPU
		{E49D74C8-9FBD-2202-F5DF-793CC527A713}.Debug|Any CPU.Build.0 = Debug|Any CPU
		{E49D74C8-9FBD-2202-F5DF-793CC527A713}.Release|Any CPU.ActiveCfg = Release|Any CPU
		{E49D74C8-9FBD-2202-F5DF-793CC527A713}.Release|Any CPU.Build.0 = Release|Any CPU
		{EB05CE97-9DDD-0C98-352C-BF9AB03A5ABF}.Debug|Any CPU.ActiveCfg = Debug|Any CPU
		{EB05CE97-9DDD-0C98-352C-BF9AB03A5ABF}.Debug|Any CPU.Build.0 = Debug|Any CPU
		{EB05CE97-9DDD-0C98-352C-BF9AB03A5ABF}.Release|Any CPU.ActiveCfg = Release|Any CPU
		{EB05CE97-9DDD-0C98-352C-BF9AB03A5ABF}.Release|Any CPU.Build.0 = Release|Any CPU
		{496AB42C-AB90-3980-EBB4-3E6423F35D19}.Debug|Any CPU.ActiveCfg = Debug|Any CPU
		{496AB42C-AB90-3980-EBB4-3E6423F35D19}.Debug|Any CPU.Build.0 = Debug|Any CPU
		{496AB42C-AB90-3980-EBB4-3E6423F35D19}.Release|Any CPU.ActiveCfg = Release|Any CPU
		{496AB42C-AB90-3980-EBB4-3E6423F35D19}.Release|Any CPU.Build.0 = Release|Any CPU
		{26E31E08-4A1E-2EFF-DE6F-41163F8ED903}.Debug|Any CPU.ActiveCfg = Debug|Any CPU
		{26E31E08-4A1E-2EFF-DE6F-41163F8ED903}.Debug|Any CPU.Build.0 = Debug|Any CPU
		{26E31E08-4A1E-2EFF-DE6F-41163F8ED903}.Release|Any CPU.ActiveCfg = Release|Any CPU
		{26E31E08-4A1E-2EFF-DE6F-41163F8ED903}.Release|Any CPU.Build.0 = Release|Any CPU
		{9272BC43-6776-AC60-B47A-A817C1973504}.Debug|Any CPU.ActiveCfg = Debug|Any CPU
		{9272BC43-6776-AC60-B47A-A817C1973504}.Debug|Any CPU.Build.0 = Debug|Any CPU
		{9272BC43-6776-AC60-B47A-A817C1973504}.Release|Any CPU.ActiveCfg = Release|Any CPU
		{9272BC43-6776-AC60-B47A-A817C1973504}.Release|Any CPU.Build.0 = Release|Any CPU
		{6E8C8A9D-6F54-2063-FAB7-56F44F5E9491}.Debug|Any CPU.ActiveCfg = Debug|Any CPU
		{6E8C8A9D-6F54-2063-FAB7-56F44F5E9491}.Debug|Any CPU.Build.0 = Debug|Any CPU
		{6E8C8A9D-6F54-2063-FAB7-56F44F5E9491}.Release|Any CPU.ActiveCfg = Release|Any CPU
		{6E8C8A9D-6F54-2063-FAB7-56F44F5E9491}.Release|Any CPU.Build.0 = Release|Any CPU
		{08AAB2CB-E5C5-FCE1-BAF3-C1CE2DB46093}.Debug|Any CPU.ActiveCfg = Debug|Any CPU
		{08AAB2CB-E5C5-FCE1-BAF3-C1CE2DB46093}.Debug|Any CPU.Build.0 = Debug|Any CPU
		{08AAB2CB-E5C5-FCE1-BAF3-C1CE2DB46093}.Release|Any CPU.ActiveCfg = Release|Any CPU
		{08AAB2CB-E5C5-FCE1-BAF3-C1CE2DB46093}.Release|Any CPU.Build.0 = Release|Any CPU
		{A1D68E7B-10F0-3D08-0646-282853A5572C}.Debug|Any CPU.ActiveCfg = Debug|Any CPU
		{A1D68E7B-10F0-3D08-0646-282853A5572C}.Debug|Any CPU.Build.0 = Debug|Any CPU
		{A1D68E7B-10F0-3D08-0646-282853A5572C}.Release|Any CPU.ActiveCfg = Release|Any CPU
		{A1D68E7B-10F0-3D08-0646-282853A5572C}.Release|Any CPU.Build.0 = Release|Any CPU
		{44B78482-DE33-1A40-ABA4-B70350627F93}.Debug|Any CPU.ActiveCfg = Debug|Any CPU
		{44B78482-DE33-1A40-ABA4-B70350627F93}.Debug|Any CPU.Build.0 = Debug|Any CPU
		{44B78482-DE33-1A40-ABA4-B70350627F93}.Release|Any CPU.ActiveCfg = Release|Any CPU
		{44B78482-DE33-1A40-ABA4-B70350627F93}.Release|Any CPU.Build.0 = Release|Any CPU
		{22105C4F-FCE2-319F-F3EA-FD35C600AB3D}.Debug|Any CPU.ActiveCfg = Debug|Any CPU
		{22105C4F-FCE2-319F-F3EA-FD35C600AB3D}.Debug|Any CPU.Build.0 = Debug|Any CPU
		{22105C4F-FCE2-319F-F3EA-FD35C600AB3D}.Release|Any CPU.ActiveCfg = Release|Any CPU
		{22105C4F-FCE2-319F-F3EA-FD35C600AB3D}.Release|Any CPU.Build.0 = Release|Any CPU
		{9B25CFDD-6112-6E44-D466-6E9D6DF2A53D}.Debug|Any CPU.ActiveCfg = Debug|Any CPU
		{9B25CFDD-6112-6E44-D466-6E9D6DF2A53D}.Debug|Any CPU.Build.0 = Debug|Any CPU
		{9B25CFDD-6112-6E44-D466-6E9D6DF2A53D}.Release|Any CPU.ActiveCfg = Release|Any CPU
		{9B25CFDD-6112-6E44-D466-6E9D6DF2A53D}.Release|Any CPU.Build.0 = Release|Any CPU
		{F40BA858-8AF3-71DB-ACFB-D5E847A7D34F}.Debug|Any CPU.ActiveCfg = Debug|Any CPU
		{F40BA858-8AF3-71DB-ACFB-D5E847A7D34F}.Debug|Any CPU.Build.0 = Debug|Any CPU
		{F40BA858-8AF3-71DB-ACFB-D5E847A7D34F}.Release|Any CPU.ActiveCfg = Release|Any CPU
		{F40BA858-8AF3-71DB-ACFB-D5E847A7D34F}.Release|Any CPU.Build.0 = Release|Any CPU
		{6DD1696E-93CA-A5C3-5435-3B83A1773401}.Debug|Any CPU.ActiveCfg = Debug|Any CPU
		{6DD1696E-93CA-A5C3-5435-3B83A1773401}.Debug|Any CPU.Build.0 = Debug|Any CPU
		{6DD1696E-93CA-A5C3-5435-3B83A1773401}.Release|Any CPU.ActiveCfg = Release|Any CPU
		{6DD1696E-93CA-A5C3-5435-3B83A1773401}.Release|Any CPU.Build.0 = Release|Any CPU
		{F83A764E-F1D5-A125-3A4F-9EC74604390B}.Debug|Any CPU.ActiveCfg = Debug|Any CPU
		{F83A764E-F1D5-A125-3A4F-9EC74604390B}.Debug|Any CPU.Build.0 = Debug|Any CPU
		{F83A764E-F1D5-A125-3A4F-9EC74604390B}.Release|Any CPU.ActiveCfg = Release|Any CPU
		{F83A764E-F1D5-A125-3A4F-9EC74604390B}.Release|Any CPU.Build.0 = Release|Any CPU
		{4F5398BF-8F80-6FC8-1300-826D32FF9A2F}.Debug|Any CPU.ActiveCfg = Debug|Any CPU
		{4F5398BF-8F80-6FC8-1300-826D32FF9A2F}.Debug|Any CPU.Build.0 = Debug|Any CPU
		{4F5398BF-8F80-6FC8-1300-826D32FF9A2F}.Release|Any CPU.ActiveCfg = Release|Any CPU
		{4F5398BF-8F80-6FC8-1300-826D32FF9A2F}.Release|Any CPU.Build.0 = Release|Any CPU
		{C8A8BF08-7813-C892-CA2E-052C577D23DB}.Debug|Any CPU.ActiveCfg = Debug|Any CPU
		{C8A8BF08-7813-C892-CA2E-052C577D23DB}.Debug|Any CPU.Build.0 = Debug|Any CPU
		{C8A8BF08-7813-C892-CA2E-052C577D23DB}.Release|Any CPU.ActiveCfg = Release|Any CPU
		{C8A8BF08-7813-C892-CA2E-052C577D23DB}.Release|Any CPU.Build.0 = Release|Any CPU
		{0BC35E78-D3D6-860F-D7CD-B61906BF67BE}.Debug|Any CPU.ActiveCfg = Debug|Any CPU
		{0BC35E78-D3D6-860F-D7CD-B61906BF67BE}.Debug|Any CPU.Build.0 = Debug|Any CPU
		{0BC35E78-D3D6-860F-D7CD-B61906BF67BE}.Release|Any CPU.ActiveCfg = Release|Any CPU
		{0BC35E78-D3D6-860F-D7CD-B61906BF67BE}.Release|Any CPU.Build.0 = Release|Any CPU
		{34BACF01-C47B-03A1-8F87-EF199F9F2846}.Debug|Any CPU.ActiveCfg = Debug|Any CPU
		{34BACF01-C47B-03A1-8F87-EF199F9F2846}.Debug|Any CPU.Build.0 = Debug|Any CPU
		{34BACF01-C47B-03A1-8F87-EF199F9F2846}.Release|Any CPU.ActiveCfg = Release|Any CPU
		{34BACF01-C47B-03A1-8F87-EF199F9F2846}.Release|Any CPU.Build.0 = Release|Any CPU
		{F135ADD7-C183-F720-EBEF-98EAD6626972}.Debug|Any CPU.ActiveCfg = Debug|Any CPU
		{F135ADD7-C183-F720-EBEF-98EAD6626972}.Debug|Any CPU.Build.0 = Debug|Any CPU
		{F135ADD7-C183-F720-EBEF-98EAD6626972}.Release|Any CPU.ActiveCfg = Release|Any CPU
		{F135ADD7-C183-F720-EBEF-98EAD6626972}.Release|Any CPU.Build.0 = Release|Any CPU
		{B5575C2D-C529-C8CC-5974-B3170ADB5BBE}.Debug|Any CPU.ActiveCfg = Debug|Any CPU
		{B5575C2D-C529-C8CC-5974-B3170ADB5BBE}.Debug|Any CPU.Build.0 = Debug|Any CPU
		{B5575C2D-C529-C8CC-5974-B3170ADB5BBE}.Release|Any CPU.ActiveCfg = Release|Any CPU
		{B5575C2D-C529-C8CC-5974-B3170ADB5BBE}.Release|Any CPU.Build.0 = Release|Any CPU
		{02A9BCBD-5D79-0EEB-AF5E-1D0405A5ACE4}.Debug|Any CPU.ActiveCfg = Debug|Any CPU
		{02A9BCBD-5D79-0EEB-AF5E-1D0405A5ACE4}.Debug|Any CPU.Build.0 = Debug|Any CPU
		{02A9BCBD-5D79-0EEB-AF5E-1D0405A5ACE4}.Release|Any CPU.ActiveCfg = Release|Any CPU
		{02A9BCBD-5D79-0EEB-AF5E-1D0405A5ACE4}.Release|Any CPU.Build.0 = Release|Any CPU
		{445B9BA5-EB3E-4BE3-F745-A52CFD25360F}.Debug|Any CPU.ActiveCfg = Debug|Any CPU
		{445B9BA5-EB3E-4BE3-F745-A52CFD25360F}.Debug|Any CPU.Build.0 = Debug|Any CPU
		{445B9BA5-EB3E-4BE3-F745-A52CFD25360F}.Release|Any CPU.ActiveCfg = Release|Any CPU
		{445B9BA5-EB3E-4BE3-F745-A52CFD25360F}.Release|Any CPU.Build.0 = Release|Any CPU
		{EF326280-89A4-7A25-B9AB-233EC7E24641}.Debug|Any CPU.ActiveCfg = Debug|Any CPU
		{EF326280-89A4-7A25-B9AB-233EC7E24641}.Debug|Any CPU.Build.0 = Debug|Any CPU
		{EF326280-89A4-7A25-B9AB-233EC7E24641}.Release|Any CPU.ActiveCfg = Release|Any CPU
		{EF326280-89A4-7A25-B9AB-233EC7E24641}.Release|Any CPU.Build.0 = Release|Any CPU
		{BF68B110-FC5E-EB24-702F-F23D9B75B9C6}.Debug|Any CPU.ActiveCfg = Debug|Any CPU
		{BF68B110-FC5E-EB24-702F-F23D9B75B9C6}.Debug|Any CPU.Build.0 = Debug|Any CPU
		{BF68B110-FC5E-EB24-702F-F23D9B75B9C6}.Release|Any CPU.ActiveCfg = Release|Any CPU
		{BF68B110-FC5E-EB24-702F-F23D9B75B9C6}.Release|Any CPU.Build.0 = Release|Any CPU
		{85440D98-2BE9-F66D-F59F-1BD829202B17}.Debug|Any CPU.ActiveCfg = Debug|Any CPU
		{85440D98-2BE9-F66D-F59F-1BD829202B17}.Debug|Any CPU.Build.0 = Debug|Any CPU
		{85440D98-2BE9-F66D-F59F-1BD829202B17}.Release|Any CPU.ActiveCfg = Release|Any CPU
		{85440D98-2BE9-F66D-F59F-1BD829202B17}.Release|Any CPU.Build.0 = Release|Any CPU
		{F20AA4E8-9933-1EE0-CE66-F1EA6D940CA4}.Debug|Any CPU.ActiveCfg = Debug|Any CPU
		{F20AA4E8-9933-1EE0-CE66-F1EA6D940CA4}.Debug|Any CPU.Build.0 = Debug|Any CPU
		{F20AA4E8-9933-1EE0-CE66-F1EA6D940CA4}.Release|Any CPU.ActiveCfg = Release|Any CPU
		{F20AA4E8-9933-1EE0-CE66-F1EA6D940CA4}.Release|Any CPU.Build.0 = Release|Any CPU
		{653298DA-3B09-B8F8-F50F-D210B65AE01E}.Debug|Any CPU.ActiveCfg = Debug|Any CPU
		{653298DA-3B09-B8F8-F50F-D210B65AE01E}.Debug|Any CPU.Build.0 = Debug|Any CPU
		{653298DA-3B09-B8F8-F50F-D210B65AE01E}.Release|Any CPU.ActiveCfg = Release|Any CPU
		{653298DA-3B09-B8F8-F50F-D210B65AE01E}.Release|Any CPU.Build.0 = Release|Any CPU
		{5BE9C1B4-DE45-A1BA-51D9-2C88B3AC4C4F}.Debug|Any CPU.ActiveCfg = Debug|Any CPU
		{5BE9C1B4-DE45-A1BA-51D9-2C88B3AC4C4F}.Debug|Any CPU.Build.0 = Debug|Any CPU
		{5BE9C1B4-DE45-A1BA-51D9-2C88B3AC4C4F}.Release|Any CPU.ActiveCfg = Release|Any CPU
		{5BE9C1B4-DE45-A1BA-51D9-2C88B3AC4C4F}.Release|Any CPU.Build.0 = Release|Any CPU
		{C4753848-81BA-20DF-F6FD-57C66F0BF94D}.Debug|Any CPU.ActiveCfg = Debug|Any CPU
		{C4753848-81BA-20DF-F6FD-57C66F0BF94D}.Debug|Any CPU.Build.0 = Debug|Any CPU
		{C4753848-81BA-20DF-F6FD-57C66F0BF94D}.Release|Any CPU.ActiveCfg = Release|Any CPU
		{C4753848-81BA-20DF-F6FD-57C66F0BF94D}.Release|Any CPU.Build.0 = Release|Any CPU
		{64FCF12B-22DA-27F3-4731-A9C7CB0D7958}.Debug|Any CPU.ActiveCfg = Debug|Any CPU
		{64FCF12B-22DA-27F3-4731-A9C7CB0D7958}.Debug|Any CPU.Build.0 = Debug|Any CPU
		{64FCF12B-22DA-27F3-4731-A9C7CB0D7958}.Release|Any CPU.ActiveCfg = Release|Any CPU
		{64FCF12B-22DA-27F3-4731-A9C7CB0D7958}.Release|Any CPU.Build.0 = Release|Any CPU
		{D009CCBD-1D10-79AA-C078-80224A79453A}.Debug|Any CPU.ActiveCfg = Debug|Any CPU
		{D009CCBD-1D10-79AA-C078-80224A79453A}.Debug|Any CPU.Build.0 = Debug|Any CPU
		{D009CCBD-1D10-79AA-C078-80224A79453A}.Release|Any CPU.ActiveCfg = Release|Any CPU
		{D009CCBD-1D10-79AA-C078-80224A79453A}.Release|Any CPU.Build.0 = Release|Any CPU
		{75EDBD7B-3E62-F38B-FBCE-F662610D40E9}.Debug|Any CPU.ActiveCfg = Debug|Any CPU
		{75EDBD7B-3E62-F38B-FBCE-F662610D40E9}.Debug|Any CPU.Build.0 = Debug|Any CPU
		{75EDBD7B-3E62-F38B-FBCE-F662610D40E9}.Release|Any CPU.ActiveCfg = Release|Any CPU
		{75EDBD7B-3E62-F38B-FBCE-F662610D40E9}.Release|Any CPU.Build.0 = Release|Any CPU
		{3F2FD590-8643-F66D-C43A-B2D4D8201441}.Debug|Any CPU.ActiveCfg = Debug|Any CPU
		{3F2FD590-8643-F66D-C43A-B2D4D8201441}.Debug|Any CPU.Build.0 = Debug|Any CPU
		{3F2FD590-8643-F66D-C43A-B2D4D8201441}.Release|Any CPU.ActiveCfg = Release|Any CPU
		{3F2FD590-8643-F66D-C43A-B2D4D8201441}.Release|Any CPU.Build.0 = Release|Any CPU
		{C0FD6D6C-35DF-B880-4B5F-3AD617D5D13A}.Debug|Any CPU.ActiveCfg = Debug|Any CPU
		{C0FD6D6C-35DF-B880-4B5F-3AD617D5D13A}.Debug|Any CPU.Build.0 = Debug|Any CPU
		{C0FD6D6C-35DF-B880-4B5F-3AD617D5D13A}.Release|Any CPU.ActiveCfg = Release|Any CPU
		{C0FD6D6C-35DF-B880-4B5F-3AD617D5D13A}.Release|Any CPU.Build.0 = Release|Any CPU
		{6CA22A92-D057-7AB1-7A35-12DF2FE19538}.Debug|Any CPU.ActiveCfg = Debug|Any CPU
		{6CA22A92-D057-7AB1-7A35-12DF2FE19538}.Debug|Any CPU.Build.0 = Debug|Any CPU
		{6CA22A92-D057-7AB1-7A35-12DF2FE19538}.Release|Any CPU.ActiveCfg = Release|Any CPU
		{6CA22A92-D057-7AB1-7A35-12DF2FE19538}.Release|Any CPU.Build.0 = Release|Any CPU
		{A94D39CC-1ED5-3AD7-CB4C-088648D3A44F}.Debug|Any CPU.ActiveCfg = Debug|Any CPU
		{A94D39CC-1ED5-3AD7-CB4C-088648D3A44F}.Debug|Any CPU.Build.0 = Debug|Any CPU
		{A94D39CC-1ED5-3AD7-CB4C-088648D3A44F}.Release|Any CPU.ActiveCfg = Release|Any CPU
		{A94D39CC-1ED5-3AD7-CB4C-088648D3A44F}.Release|Any CPU.Build.0 = Release|Any CPU
		{6554220D-BABE-A60E-DED3-4B94EBAF3BD2}.Debug|Any CPU.ActiveCfg = Debug|Any CPU
		{6554220D-BABE-A60E-DED3-4B94EBAF3BD2}.Debug|Any CPU.Build.0 = Debug|Any CPU
		{6554220D-BABE-A60E-DED3-4B94EBAF3BD2}.Release|Any CPU.ActiveCfg = Release|Any CPU
		{6554220D-BABE-A60E-DED3-4B94EBAF3BD2}.Release|Any CPU.Build.0 = Release|Any CPU
		{09943D65-A34A-DB58-B582-4DDB33B15B1A}.Debug|Any CPU.ActiveCfg = Debug|Any CPU
		{09943D65-A34A-DB58-B582-4DDB33B15B1A}.Debug|Any CPU.Build.0 = Debug|Any CPU
		{09943D65-A34A-DB58-B582-4DDB33B15B1A}.Release|Any CPU.ActiveCfg = Release|Any CPU
		{09943D65-A34A-DB58-B582-4DDB33B15B1A}.Release|Any CPU.Build.0 = Release|Any CPU
		{7CE35100-8687-BD01-7419-294D4D42B8A7}.Debug|Any CPU.ActiveCfg = Debug|Any CPU
		{7CE35100-8687-BD01-7419-294D4D42B8A7}.Debug|Any CPU.Build.0 = Debug|Any CPU
		{7CE35100-8687-BD01-7419-294D4D42B8A7}.Release|Any CPU.ActiveCfg = Release|Any CPU
		{7CE35100-8687-BD01-7419-294D4D42B8A7}.Release|Any CPU.Build.0 = Release|Any CPU
		{B1D0B0F0-54F3-2A91-9438-7E12D7DE1EF6}.Debug|Any CPU.ActiveCfg = Debug|Any CPU
		{B1D0B0F0-54F3-2A91-9438-7E12D7DE1EF6}.Debug|Any CPU.Build.0 = Debug|Any CPU
		{B1D0B0F0-54F3-2A91-9438-7E12D7DE1EF6}.Release|Any CPU.ActiveCfg = Release|Any CPU
		{B1D0B0F0-54F3-2A91-9438-7E12D7DE1EF6}.Release|Any CPU.Build.0 = Release|Any CPU
		{E3334A26-38BE-CDE7-C17C-F73C7E37BA91}.Debug|Any CPU.ActiveCfg = Debug|Any CPU
		{E3334A26-38BE-CDE7-C17C-F73C7E37BA91}.Debug|Any CPU.Build.0 = Debug|Any CPU
		{E3334A26-38BE-CDE7-C17C-F73C7E37BA91}.Release|Any CPU.ActiveCfg = Release|Any CPU
		{E3334A26-38BE-CDE7-C17C-F73C7E37BA91}.Release|Any CPU.Build.0 = Release|Any CPU
		{6D45443D-61E7-3A25-7A3C-9D44E55F425F}.Debug|Any CPU.ActiveCfg = Debug|Any CPU
		{6D45443D-61E7-3A25-7A3C-9D44E55F425F}.Debug|Any CPU.Build.0 = Debug|Any CPU
		{6D45443D-61E7-3A25-7A3C-9D44E55F425F}.Release|Any CPU.ActiveCfg = Release|Any CPU
		{6D45443D-61E7-3A25-7A3C-9D44E55F425F}.Release|Any CPU.Build.0 = Release|Any CPU
		{74BDF758-CF6B-C031-04B2-CC4F6975FA5E}.Debug|Any CPU.ActiveCfg = Debug|Any CPU
		{74BDF758-CF6B-C031-04B2-CC4F6975FA5E}.Debug|Any CPU.Build.0 = Debug|Any CPU
		{74BDF758-CF6B-C031-04B2-CC4F6975FA5E}.Release|Any CPU.ActiveCfg = Release|Any CPU
		{74BDF758-CF6B-C031-04B2-CC4F6975FA5E}.Release|Any CPU.Build.0 = Release|Any CPU
		{C10D381B-F733-6520-DA0D-AAF526A1FEBF}.Debug|Any CPU.ActiveCfg = Debug|Any CPU
		{C10D381B-F733-6520-DA0D-AAF526A1FEBF}.Debug|Any CPU.Build.0 = Debug|Any CPU
		{C10D381B-F733-6520-DA0D-AAF526A1FEBF}.Release|Any CPU.ActiveCfg = Release|Any CPU
		{C10D381B-F733-6520-DA0D-AAF526A1FEBF}.Release|Any CPU.Build.0 = Release|Any CPU
		{EB867068-08A6-FB1A-1BC3-61D5BB24FC29}.Debug|Any CPU.ActiveCfg = Debug|Any CPU
		{EB867068-08A6-FB1A-1BC3-61D5BB24FC29}.Debug|Any CPU.Build.0 = Debug|Any CPU
		{EB867068-08A6-FB1A-1BC3-61D5BB24FC29}.Release|Any CPU.ActiveCfg = Release|Any CPU
		{EB867068-08A6-FB1A-1BC3-61D5BB24FC29}.Release|Any CPU.Build.0 = Release|Any CPU
		{5A2150B9-BE0C-C7D9-E43C-E96F5B3DC615}.Debug|Any CPU.ActiveCfg = Debug|Any CPU
		{5A2150B9-BE0C-C7D9-E43C-E96F5B3DC615}.Debug|Any CPU.Build.0 = Debug|Any CPU
		{5A2150B9-BE0C-C7D9-E43C-E96F5B3DC615}.Release|Any CPU.ActiveCfg = Release|Any CPU
		{5A2150B9-BE0C-C7D9-E43C-E96F5B3DC615}.Release|Any CPU.Build.0 = Release|Any CPU
		{BE723EA5-4466-6F19-4538-6FD632DAFDB8}.Debug|Any CPU.ActiveCfg = Debug|Any CPU
		{BE723EA5-4466-6F19-4538-6FD632DAFDB8}.Debug|Any CPU.Build.0 = Debug|Any CPU
		{BE723EA5-4466-6F19-4538-6FD632DAFDB8}.Release|Any CPU.ActiveCfg = Release|Any CPU
		{BE723EA5-4466-6F19-4538-6FD632DAFDB8}.Release|Any CPU.Build.0 = Release|Any CPU
		{2B4F6EDE-85DE-F02B-A4A4-7B97C9421F0F}.Debug|Any CPU.ActiveCfg = Debug|Any CPU
		{2B4F6EDE-85DE-F02B-A4A4-7B97C9421F0F}.Debug|Any CPU.Build.0 = Debug|Any CPU
		{2B4F6EDE-85DE-F02B-A4A4-7B97C9421F0F}.Release|Any CPU.ActiveCfg = Release|Any CPU
		{2B4F6EDE-85DE-F02B-A4A4-7B97C9421F0F}.Release|Any CPU.Build.0 = Release|Any CPU
		{AE497A6E-65A5-5174-9677-F9F34BFC641D}.Debug|Any CPU.ActiveCfg = Debug|Any CPU
		{AE497A6E-65A5-5174-9677-F9F34BFC641D}.Debug|Any CPU.Build.0 = Debug|Any CPU
		{AE497A6E-65A5-5174-9677-F9F34BFC641D}.Release|Any CPU.ActiveCfg = Release|Any CPU
		{AE497A6E-65A5-5174-9677-F9F34BFC641D}.Release|Any CPU.Build.0 = Release|Any CPU
		{FEEA786B-277F-ACCA-D4AC-D32AE15BDB99}.Debug|Any CPU.ActiveCfg = Debug|Any CPU
		{FEEA786B-277F-ACCA-D4AC-D32AE15BDB99}.Debug|Any CPU.Build.0 = Debug|Any CPU
		{FEEA786B-277F-ACCA-D4AC-D32AE15BDB99}.Release|Any CPU.ActiveCfg = Release|Any CPU
		{FEEA786B-277F-ACCA-D4AC-D32AE15BDB99}.Release|Any CPU.Build.0 = Release|Any CPU
		{8AF35FBA-B0FF-B94F-80F0-436E25100E5F}.Debug|Any CPU.ActiveCfg = Debug|Any CPU
		{8AF35FBA-B0FF-B94F-80F0-436E25100E5F}.Debug|Any CPU.Build.0 = Debug|Any CPU
		{8AF35FBA-B0FF-B94F-80F0-436E25100E5F}.Release|Any CPU.ActiveCfg = Release|Any CPU
		{8AF35FBA-B0FF-B94F-80F0-436E25100E5F}.Release|Any CPU.Build.0 = Release|Any CPU
		{22F3C99C-1878-911B-9AAA-E74D799296DE}.Debug|Any CPU.ActiveCfg = Debug|Any CPU
		{22F3C99C-1878-911B-9AAA-E74D799296DE}.Debug|Any CPU.Build.0 = Debug|Any CPU
		{22F3C99C-1878-911B-9AAA-E74D799296DE}.Release|Any CPU.ActiveCfg = Release|Any CPU
		{22F3C99C-1878-911B-9AAA-E74D799296DE}.Release|Any CPU.Build.0 = Release|Any CPU
		{A9802E96-EF71-318D-F854-AA86910C19F8}.Debug|Any CPU.ActiveCfg = Debug|Any CPU
		{A9802E96-EF71-318D-F854-AA86910C19F8}.Debug|Any CPU.Build.0 = Debug|Any CPU
		{A9802E96-EF71-318D-F854-AA86910C19F8}.Release|Any CPU.ActiveCfg = Release|Any CPU
		{A9802E96-EF71-318D-F854-AA86910C19F8}.Release|Any CPU.Build.0 = Release|Any CPU
		{9A10A062-1897-9EA1-14BD-49740CBD76B3}.Debug|Any CPU.ActiveCfg = Debug|Any CPU
		{9A10A062-1897-9EA1-14BD-49740CBD76B3}.Debug|Any CPU.Build.0 = Debug|Any CPU
		{9A10A062-1897-9EA1-14BD-49740CBD76B3}.Release|Any CPU.ActiveCfg = Release|Any CPU
		{9A10A062-1897-9EA1-14BD-49740CBD76B3}.Release|Any CPU.Build.0 = Release|Any CPU
		{2B95A346-A09C-DEC6-B5B7-C0BB4F8B73EF}.Debug|Any CPU.ActiveCfg = Debug|Any CPU
		{2B95A346-A09C-DEC6-B5B7-C0BB4F8B73EF}.Debug|Any CPU.Build.0 = Debug|Any CPU
		{2B95A346-A09C-DEC6-B5B7-C0BB4F8B73EF}.Release|Any CPU.ActiveCfg = Release|Any CPU
		{2B95A346-A09C-DEC6-B5B7-C0BB4F8B73EF}.Release|Any CPU.Build.0 = Release|Any CPU
		{DD7364A9-EDA5-2887-961F-5E8B95C38961}.Debug|Any CPU.ActiveCfg = Debug|Any CPU
		{DD7364A9-EDA5-2887-961F-5E8B95C38961}.Debug|Any CPU.Build.0 = Debug|Any CPU
		{DD7364A9-EDA5-2887-961F-5E8B95C38961}.Release|Any CPU.ActiveCfg = Release|Any CPU
		{DD7364A9-EDA5-2887-961F-5E8B95C38961}.Release|Any CPU.Build.0 = Release|Any CPU
		{2A4D1F1A-4EC8-3FDD-92AB-E6D1B8AC4BC5}.Debug|Any CPU.ActiveCfg = Debug|Any CPU
		{2A4D1F1A-4EC8-3FDD-92AB-E6D1B8AC4BC5}.Debug|Any CPU.Build.0 = Debug|Any CPU
		{2A4D1F1A-4EC8-3FDD-92AB-E6D1B8AC4BC5}.Release|Any CPU.ActiveCfg = Release|Any CPU
		{2A4D1F1A-4EC8-3FDD-92AB-E6D1B8AC4BC5}.Release|Any CPU.Build.0 = Release|Any CPU
		{5FA697AA-2F76-9E41-61DD-00A1D63AC032}.Debug|Any CPU.ActiveCfg = Debug|Any CPU
		{5FA697AA-2F76-9E41-61DD-00A1D63AC032}.Debug|Any CPU.Build.0 = Debug|Any CPU
		{5FA697AA-2F76-9E41-61DD-00A1D63AC032}.Release|Any CPU.ActiveCfg = Release|Any CPU
		{5FA697AA-2F76-9E41-61DD-00A1D63AC032}.Release|Any CPU.Build.0 = Release|Any CPU
		{F40B090B-AC72-D5E6-E4DC-93D28E41AA4F}.Debug|Any CPU.ActiveCfg = Debug|Any CPU
		{F40B090B-AC72-D5E6-E4DC-93D28E41AA4F}.Debug|Any CPU.Build.0 = Debug|Any CPU
		{F40B090B-AC72-D5E6-E4DC-93D28E41AA4F}.Release|Any CPU.ActiveCfg = Release|Any CPU
		{F40B090B-AC72-D5E6-E4DC-93D28E41AA4F}.Release|Any CPU.Build.0 = Release|Any CPU
		{3B05B9F6-EF95-81AF-AC3F-BEE5AE3F028A}.Debug|Any CPU.ActiveCfg = Debug|Any CPU
		{3B05B9F6-EF95-81AF-AC3F-BEE5AE3F028A}.Debug|Any CPU.Build.0 = Debug|Any CPU
		{3B05B9F6-EF95-81AF-AC3F-BEE5AE3F028A}.Release|Any CPU.ActiveCfg = Release|Any CPU
		{3B05B9F6-EF95-81AF-AC3F-BEE5AE3F028A}.Release|Any CPU.Build.0 = Release|Any CPU
		{979E7112-B167-7C72-77D5-C854F38ED9B7}.Debug|Any CPU.ActiveCfg = Debug|Any CPU
		{979E7112-B167-7C72-77D5-C854F38ED9B7}.Debug|Any CPU.Build.0 = Debug|Any CPU
		{979E7112-B167-7C72-77D5-C854F38ED9B7}.Release|Any CPU.ActiveCfg = Release|Any CPU
		{979E7112-B167-7C72-77D5-C854F38ED9B7}.Release|Any CPU.Build.0 = Release|Any CPU
		{D2B4ABAB-9786-B05E-5C1B-A2CBC8402D44}.Debug|Any CPU.ActiveCfg = Debug|Any CPU
		{D2B4ABAB-9786-B05E-5C1B-A2CBC8402D44}.Debug|Any CPU.Build.0 = Debug|Any CPU
		{D2B4ABAB-9786-B05E-5C1B-A2CBC8402D44}.Release|Any CPU.ActiveCfg = Release|Any CPU
		{D2B4ABAB-9786-B05E-5C1B-A2CBC8402D44}.Release|Any CPU.Build.0 = Release|Any CPU
		{5F0E693B-A1F4-926D-F722-77F0BF4EDBF6}.Debug|Any CPU.ActiveCfg = Debug|Any CPU
		{5F0E693B-A1F4-926D-F722-77F0BF4EDBF6}.Debug|Any CPU.Build.0 = Debug|Any CPU
		{5F0E693B-A1F4-926D-F722-77F0BF4EDBF6}.Release|Any CPU.ActiveCfg = Release|Any CPU
		{5F0E693B-A1F4-926D-F722-77F0BF4EDBF6}.Release|Any CPU.Build.0 = Release|Any CPU
		{BAF722E8-F604-523D-AA8B-9B951D2A93CF}.Debug|Any CPU.ActiveCfg = Debug|Any CPU
		{BAF722E8-F604-523D-AA8B-9B951D2A93CF}.Debug|Any CPU.Build.0 = Debug|Any CPU
		{BAF722E8-F604-523D-AA8B-9B951D2A93CF}.Release|Any CPU.ActiveCfg = Release|Any CPU
		{BAF722E8-F604-523D-AA8B-9B951D2A93CF}.Release|Any CPU.Build.0 = Release|Any CPU
		{CC768028-035D-FFF8-6867-00698B85502B}.Debug|Any CPU.ActiveCfg = Debug|Any CPU
		{CC768028-035D-FFF8-6867-00698B85502B}.Debug|Any CPU.Build.0 = Debug|Any CPU
		{CC768028-035D-FFF8-6867-00698B85502B}.Release|Any CPU.ActiveCfg = Release|Any CPU
		{CC768028-035D-FFF8-6867-00698B85502B}.Release|Any CPU.Build.0 = Release|Any CPU
		{76EDC85C-600B-2EEB-B663-34D22BDF5926}.Debug|Any CPU.ActiveCfg = Debug|Any CPU
		{76EDC85C-600B-2EEB-B663-34D22BDF5926}.Debug|Any CPU.Build.0 = Debug|Any CPU
		{76EDC85C-600B-2EEB-B663-34D22BDF5926}.Release|Any CPU.ActiveCfg = Release|Any CPU
		{76EDC85C-600B-2EEB-B663-34D22BDF5926}.Release|Any CPU.Build.0 = Release|Any CPU
		{D4C305A3-6298-A472-8A01-7F2E7C7D4505}.Debug|Any CPU.ActiveCfg = Debug|Any CPU
		{D4C305A3-6298-A472-8A01-7F2E7C7D4505}.Debug|Any CPU.Build.0 = Debug|Any CPU
		{D4C305A3-6298-A472-8A01-7F2E7C7D4505}.Release|Any CPU.ActiveCfg = Release|Any CPU
		{D4C305A3-6298-A472-8A01-7F2E7C7D4505}.Release|Any CPU.Build.0 = Release|Any CPU
		{324E2C4F-E40D-0B89-FF72-58E451881FA9}.Debug|Any CPU.ActiveCfg = Debug|Any CPU
		{324E2C4F-E40D-0B89-FF72-58E451881FA9}.Debug|Any CPU.Build.0 = Debug|Any CPU
		{324E2C4F-E40D-0B89-FF72-58E451881FA9}.Release|Any CPU.ActiveCfg = Release|Any CPU
		{324E2C4F-E40D-0B89-FF72-58E451881FA9}.Release|Any CPU.Build.0 = Release|Any CPU
		{D0DE84D8-C3FD-CC37-9761-44757069711B}.Debug|Any CPU.ActiveCfg = Debug|Any CPU
		{D0DE84D8-C3FD-CC37-9761-44757069711B}.Debug|Any CPU.Build.0 = Debug|Any CPU
		{D0DE84D8-C3FD-CC37-9761-44757069711B}.Release|Any CPU.ActiveCfg = Release|Any CPU
		{D0DE84D8-C3FD-CC37-9761-44757069711B}.Release|Any CPU.Build.0 = Release|Any CPU
		{428092F7-C169-97B1-EB16-33086EFDD924}.Debug|Any CPU.ActiveCfg = Debug|Any CPU
		{428092F7-C169-97B1-EB16-33086EFDD924}.Debug|Any CPU.Build.0 = Debug|Any CPU
		{428092F7-C169-97B1-EB16-33086EFDD924}.Release|Any CPU.ActiveCfg = Release|Any CPU
		{428092F7-C169-97B1-EB16-33086EFDD924}.Release|Any CPU.Build.0 = Release|Any CPU
		{A6B6C008-14D2-9AD4-8408-4919661752EE}.Debug|Any CPU.ActiveCfg = Debug|Any CPU
		{A6B6C008-14D2-9AD4-8408-4919661752EE}.Debug|Any CPU.Build.0 = Debug|Any CPU
		{A6B6C008-14D2-9AD4-8408-4919661752EE}.Release|Any CPU.ActiveCfg = Release|Any CPU
		{A6B6C008-14D2-9AD4-8408-4919661752EE}.Release|Any CPU.Build.0 = Release|Any CPU
		{887C51E6-81CF-7BCD-DF35-B953DD25C1A7}.Debug|Any CPU.ActiveCfg = Debug|Any CPU
		{887C51E6-81CF-7BCD-DF35-B953DD25C1A7}.Debug|Any CPU.Build.0 = Debug|Any CPU
		{887C51E6-81CF-7BCD-DF35-B953DD25C1A7}.Release|Any CPU.ActiveCfg = Release|Any CPU
		{887C51E6-81CF-7BCD-DF35-B953DD25C1A7}.Release|Any CPU.Build.0 = Release|Any CPU
		{0FF21777-3BA8-40EB-1C73-EFECDA1E9370}.Debug|Any CPU.ActiveCfg = Debug|Any CPU
		{0FF21777-3BA8-40EB-1C73-EFECDA1E9370}.Debug|Any CPU.Build.0 = Debug|Any CPU
		{0FF21777-3BA8-40EB-1C73-EFECDA1E9370}.Release|Any CPU.ActiveCfg = Release|Any CPU
		{0FF21777-3BA8-40EB-1C73-EFECDA1E9370}.Release|Any CPU.Build.0 = Release|Any CPU
		{F1B6DC69-AD3C-8C22-195C-B7DF165D9B28}.Debug|Any CPU.ActiveCfg = Debug|Any CPU
		{F1B6DC69-AD3C-8C22-195C-B7DF165D9B28}.Debug|Any CPU.Build.0 = Debug|Any CPU
		{F1B6DC69-AD3C-8C22-195C-B7DF165D9B28}.Release|Any CPU.ActiveCfg = Release|Any CPU
		{F1B6DC69-AD3C-8C22-195C-B7DF165D9B28}.Release|Any CPU.Build.0 = Release|Any CPU
		{9D82B034-A215-8F78-D053-8241BD2825BC}.Debug|Any CPU.ActiveCfg = Debug|Any CPU
		{9D82B034-A215-8F78-D053-8241BD2825BC}.Debug|Any CPU.Build.0 = Debug|Any CPU
		{9D82B034-A215-8F78-D053-8241BD2825BC}.Release|Any CPU.ActiveCfg = Release|Any CPU
		{9D82B034-A215-8F78-D053-8241BD2825BC}.Release|Any CPU.Build.0 = Release|Any CPU
		{B5F4241E-9AC1-91BF-67E4-259ACE9F05E6}.Debug|Any CPU.ActiveCfg = Debug|Any CPU
		{B5F4241E-9AC1-91BF-67E4-259ACE9F05E6}.Debug|Any CPU.Build.0 = Debug|Any CPU
		{B5F4241E-9AC1-91BF-67E4-259ACE9F05E6}.Release|Any CPU.ActiveCfg = Release|Any CPU
		{B5F4241E-9AC1-91BF-67E4-259ACE9F05E6}.Release|Any CPU.Build.0 = Release|Any CPU
		{44C86DD2-AEF8-0DB1-9B23-7022972F26A1}.Debug|Any CPU.ActiveCfg = Debug|Any CPU
		{44C86DD2-AEF8-0DB1-9B23-7022972F26A1}.Debug|Any CPU.Build.0 = Debug|Any CPU
		{44C86DD2-AEF8-0DB1-9B23-7022972F26A1}.Release|Any CPU.ActiveCfg = Release|Any CPU
		{44C86DD2-AEF8-0DB1-9B23-7022972F26A1}.Release|Any CPU.Build.0 = Release|Any CPU
		{A9A5EB8F-43C9-5111-F215-46C985227471}.Debug|Any CPU.ActiveCfg = Debug|Any CPU
		{A9A5EB8F-43C9-5111-F215-46C985227471}.Debug|Any CPU.Build.0 = Debug|Any CPU
		{A9A5EB8F-43C9-5111-F215-46C985227471}.Release|Any CPU.ActiveCfg = Release|Any CPU
		{A9A5EB8F-43C9-5111-F215-46C985227471}.Release|Any CPU.Build.0 = Release|Any CPU
		{1CE0C7F7-7C8D-4164-430F-C148DA03E197}.Debug|Any CPU.ActiveCfg = Debug|Any CPU
		{1CE0C7F7-7C8D-4164-430F-C148DA03E197}.Debug|Any CPU.Build.0 = Debug|Any CPU
		{1CE0C7F7-7C8D-4164-430F-C148DA03E197}.Release|Any CPU.ActiveCfg = Release|Any CPU
		{1CE0C7F7-7C8D-4164-430F-C148DA03E197}.Release|Any CPU.Build.0 = Release|Any CPU
		{49AD3D5B-0346-EC94-07E7-DF15593E11E0}.Debug|Any CPU.ActiveCfg = Debug|Any CPU
		{49AD3D5B-0346-EC94-07E7-DF15593E11E0}.Debug|Any CPU.Build.0 = Debug|Any CPU
		{49AD3D5B-0346-EC94-07E7-DF15593E11E0}.Release|Any CPU.ActiveCfg = Release|Any CPU
		{49AD3D5B-0346-EC94-07E7-DF15593E11E0}.Release|Any CPU.Build.0 = Release|Any CPU
		{CD03F224-EA1E-977A-9AE0-4871EF595809}.Debug|Any CPU.ActiveCfg = Debug|Any CPU
		{CD03F224-EA1E-977A-9AE0-4871EF595809}.Debug|Any CPU.Build.0 = Debug|Any CPU
		{CD03F224-EA1E-977A-9AE0-4871EF595809}.Release|Any CPU.ActiveCfg = Release|Any CPU
		{CD03F224-EA1E-977A-9AE0-4871EF595809}.Release|Any CPU.Build.0 = Release|Any CPU
		{0E5CD173-3B76-891B-D537-AE37008BFB56}.Debug|Any CPU.ActiveCfg = Debug|Any CPU
		{0E5CD173-3B76-891B-D537-AE37008BFB56}.Debug|Any CPU.Build.0 = Debug|Any CPU
		{0E5CD173-3B76-891B-D537-AE37008BFB56}.Release|Any CPU.ActiveCfg = Release|Any CPU
		{0E5CD173-3B76-891B-D537-AE37008BFB56}.Release|Any CPU.Build.0 = Release|Any CPU
		{F83A5C1E-05DD-953F-BD72-075FAB096B0F}.Debug|Any CPU.ActiveCfg = Debug|Any CPU
		{F83A5C1E-05DD-953F-BD72-075FAB096B0F}.Debug|Any CPU.Build.0 = Debug|Any CPU
		{F83A5C1E-05DD-953F-BD72-075FAB096B0F}.Release|Any CPU.ActiveCfg = Release|Any CPU
		{F83A5C1E-05DD-953F-BD72-075FAB096B0F}.Release|Any CPU.Build.0 = Release|Any CPU
		{B637AFCC-B01B-3DB0-AE44-B8C4E03CA728}.Debug|Any CPU.ActiveCfg = Debug|Any CPU
		{B637AFCC-B01B-3DB0-AE44-B8C4E03CA728}.Debug|Any CPU.Build.0 = Debug|Any CPU
		{B637AFCC-B01B-3DB0-AE44-B8C4E03CA728}.Release|Any CPU.ActiveCfg = Release|Any CPU
		{B637AFCC-B01B-3DB0-AE44-B8C4E03CA728}.Release|Any CPU.Build.0 = Release|Any CPU
	EndGlobalSection
	GlobalSection(SolutionProperties) = preSolution
		HideSolutionNode = FALSE
	EndGlobalSection
EndGlobal
